{
  "version": 1,
  "dependencies": {
    "net10.0-windows7.0": {
      "Microsoft.Web.WebView2": {
        "type": "Direct",
        "requested": "[1.0.4258.31, )",
        "resolved": "1.0.4258.31",
        "contentHash": "sHVZ2MQrHT1J3q5/6csn0fIP27rzpTO/RRC+wPQDrZheB7T4t2n+vVbY6SdCKr4WRV9s/gmBM3PPMWWJtoDzMg=="
      },
      "BouncyCastle.Cryptography": {
        "type": "Transitive",
        "resolved": "2.7.0",
        "contentHash": "U+12df8UEWHgBi04YVf/Lgi2dy3SItlIYvHjjEVa/BngCQIzDCDRBk50DDByCfDvSbe5pRNFr3b7UrVK2kMcLw=="
      },
      "momoi.update": {
        "type": "Project",
        "dependencies": {
          "BouncyCastle.Cryptography": "[2.7.0, )"
        }
      }
    },
    "net10.0-windows7.0/win-x64": {
      "Microsoft.Web.WebView2": {
        "type": "Direct",
        "requested": "[1.0.4258.31, )",
        "resolved": "1.0.4258.31",
        "contentHash": "sHVZ2MQrHT1J3q5/6csn0fIP27rzpTO/RRC+wPQDrZheB7T4t2n+vVbY6SdCKr4WRV9s/gmBM3PPMWWJtoDzMg=="
      }
    }
  }
}